// !$*UTF8*$!
{
	archiveVersion = 1;
	classes = {
	};
	objectVersion = 50;
	objects = {

/* Begin PBXBuildFile section */
		7D82713822140D060071574D /* AppDelegate.swift in Sources */ = {isa = PBXBuildFile; fileRef = 7D82713722140D060071574D /* AppDelegate.swift */; };
		7D82713A22140D060071574D /* ViewController.swift in Sources */ = {isa = PBXBuildFile; fileRef = 7D82713922140D060071574D /* ViewController.swift */; };
		7D82713D22140D060071574D /* Main.storyboard in Resources */ = {isa = PBXBuildFile; fileRef = 7D82713B22140D060071574D /* Main.storyboard */; };
		7D82713F22140D070071574D /* Assets.xcassets in Resources */ = {isa = PBXBuildFile; fileRef = 7D82713E22140D070071574D /* Assets.xcassets */; };
		7D82714222140D070071574D /* LaunchScreen.storyboard in Resources */ = {isa = PBXBuildFile; fileRef = 7D82714022140D070071574D /* LaunchScreen.storyboard */; };
		7D82714D22140D080071574D /* ShoppingTests.swift in Sources */ = {isa = PBXBuildFile; fileRef = 7D82714C22140D080071574D /* ShoppingTests.swift */; };
		7D82715822140D080071574D /* ShoppingUITests.swift in Sources */ = {isa = PBXBuildFile; fileRef = 7D82715722140D080071574D /* ShoppingUITests.swift */; };
/* End PBXBuildFile section */

/* Begin PBXContainerItemProxy section */
		7D82714922140D080071574D /* PBXContainerItemProxy */ = {
			isa = PBXContainerItemProxy;
			containerPortal = 7D82712C22140D060071574D /* Project object */;
			proxyType = 1;
			remoteGlobalIDString = 7D82713322140D060071574D;
			remoteInfo = Shopping;
		};
		7D82715422140D080071574D /* PBXContainerItemProxy */ = {
			isa = PBXContainerItemProxy;
			containerPortal = 7D82712C22140D060071574D /* Project object */;
			proxyType = 1;
			remoteGlobalIDString = 7D82713322140D060071574D;
			remoteInfo = Shopping;
		};
/* End PBXContainerItemProxy section */

/* Begin PBXFileReference section */
		7D82713422140D060071574D /* Shopping.app */ = {isa = PBXFileReference; explicitFileType = wrapper.application; includeInIndex = 0; path = Shopping.app; sourceTree = BUILT_PRODUCTS_DIR; };
		7D82713722140D060071574D /* AppDelegate.swift */ = {isa = PBXFileReference; lastKnownFileType = sourcecode.swift; path = AppDelegate.swift; sourceTree = "<group>"; };
		7D82713922140D060071574D /* ViewController.swift */ = {isa = PBXFileReference; lastKnownFileType = sourcecode.swift; path = ViewController.swift; sourceTree = "<group>"; };
		7D82713C22140D060071574D /* Base */ = {isa = PBXFileReference; lastKnownFileType = file.storyboard; name = Base; path = Base.lproj/Main.storyboard; sourceTree = "<group>"; };
		7D82713E22140D070071574D /* Assets.xcassets */ = {isa = PBXFileReference; lastKnownFileType = folder.assetcatalog; path = Assets.xcassets; sourceTree = "<group>"; };
		7D82714122140D070071574D /* Base */ = {isa = PBXFileReference; lastKnownFileType = file.storyboard; name = Base; path = Base.lproj/LaunchScreen.storyboard; sourceTree = "<group>"; };
		7D82714322140D070071574D /* Info.plist */ = {isa = PBXFileReference; lastKnownFileType = text.plist.xml; path = Info.plist; sourceTree = "<group>"; };
		7D82714822140D080071574D /* ShoppingTests.xctest */ = {isa = PBXFileReference; explicitFileType = wrapper.cfbundle; includeInIndex = 0; path = ShoppingTests.xctest; sourceTree = BUILT_PRODUCTS_DIR; };
		7D82714C22140D080071574D /* ShoppingTests.swift */ = {isa = PBXFileReference; lastKnownFileType = sourcecode.swift; path = ShoppingTests.swift; sourceTree = "<group>"; };
		7D82714E22140D080071574D /* Info.plist */ = {isa = PBXFileReference; lastKnownFileType = text.plist.xml; path = Info.plist; sourceTree = "<group>"; };
		7D82715322140D080071574D /* ShoppingUITests.xctest */ = {isa = PBXFileReference; explicitFileType = wrapper.cfbundle; includeInIndex = 0; path = ShoppingUITests.xctest; sourceTree = BUILT_PRODUCTS_DIR; };
		7D82715722140D080071574D /* ShoppingUITests.swift */ = {isa = PBXFileReference; lastKnownFileType = sourcecode.swift; path = ShoppingUITests.swift; sourceTree = "<group>"; };
		7D82715922140D080071574D /* Info.plist */ = {isa = PBXFileReference; lastKnownFileType = text.plist.xml; path = Info.plist; sourceTree = "<group>"; };
/* End PBXFileReference section */

/* Begin PBXFrameworksBuildPhase section */
		7D82713122140D060071574D /* Frameworks */ = {
			isa = PBXFrameworksBuildPhase;
			buildActionMask = 2147483647;
			files = (
			);
			runOnlyForDeploymentPostprocessing = 0;
		};
		7D82714522140D080071574D /* Frameworks */ = {
			isa = PBXFrameworksBuildPhase;
			buildActionMask = 2147483647;
			files = (
			);
			runOnlyForDeploymentPostprocessing = 0;
		};
		7D82715022140D080071574D /* Frameworks */ = {
			isa = PBXFrameworksBuildPhase;
			buildActionMask = 2147483647;
			files = (
			);
			runOnlyForDeploymentPostprocessing = 0;
		};
/* End PBXFrameworksBuildPhase section */

/* Begin PBXGroup section */
		7D82712B22140D060071574D = {
			isa = PBXGroup;
			children = (
				7D82713622140D060071574D /* Shopping */,
				7D82714B22140D080071574D /* ShoppingTests */,
				7D82715622140D080071574D /* ShoppingUITests */,
				7D82713522140D060071574D /* Products */,
			);
			sourceTree = "<group>";
		};
		7D82713522140D060071574D /* Products */ = {
			isa = PBXGroup;
			children = (
				7D82713422140D060071574D /* Shopping.app */,
				7D82714822140D080071574D /* ShoppingTests.xctest */,
				7D82715322140D080071574D /* ShoppingUITests.xctest */,
			);
			name = Products;
			sourceTree = "<group>";
		};
		7D82713622140D060071574D /* Shopping */ = {
			isa = PBXGroup;
			children = (
				7D82713722140D060071574D /* AppDelegate.swift */,
				7D82713922140D060071574D /* ViewController.swift */,
				7D82713B22140D060071574D /* Main.storyboard */,
				7D82713E22140D070071574D /* Assets.xcassets */,
				7D82714022140D070071574D /* LaunchScreen.storyboard */,
				7D82714322140D070071574D /* Info.plist */,
			);
			path = Shopping;
			sourceTree = "<group>";
		};
		7D82714B22140D080071574D /* ShoppingTests */ = {
			isa = PBXGroup;
			children = (
				7D82714C22140D080071574D /* ShoppingTests.swift */,
				7D82714E22140D080071574D /* Info.plist */,
			);
			path = ShoppingTests;
			sourceTree = "<group>";
		};
		7D82715622140D080071574D /* ShoppingUITests */ = {
			isa = PBXGroup;
			children = (
				7D82715722140D080071574D /* ShoppingUITests.swift */,
				7D82715922140D080071574D /* Info.plist */,
			);
			path = ShoppingUITests;
			sourceTree = "<group>";
		};
/* End PBXGroup section */

/* Begin PBXNativeTarget section */
		7D82713322140D060071574D /* Shopping */ = {
			isa = PBXNativeTarget;
			buildConfigurationList = 7D82715C22140D080071574D /* Build configuration list for PBXNativeTarget "Shopping" */;
			buildPhases = (
				7D82713022140D060071574D /* Sources */,
				7D82713122140D060071574D /* Frameworks */,
				7D82713222140D060071574D /* Resources */,
			);
			buildRules = (
			);
			dependencies = (
			);
			name = Shopping;
			productName = Shopping;
			productReference = 7D82713422140D060071574D /* Shopping.app */;
			productType = "com.apple.product-type.application";
		};
		7D82714722140D080071574D /* ShoppingTests */ = {
			isa = PBXNativeTarget;
			buildConfigurationList = 7D82715F22140D080071574D /* Build configuration list for PBXNativeTarget "ShoppingTests" */;
			buildPhases = (
				7D82714422140D080071574D /* Sources */,
				7D82714522140D080071574D /* Frameworks */,
				7D82714622140D080071574D /* Resources */,
			);
			buildRules = (
			);
			dependencies = (
				7D82714A22140D080071574D /* PBXTargetDependency */,
			);
			name = ShoppingTests;
			productName = ShoppingTests;
			productReference = 7D82714822140D080071574D /* ShoppingTests.xctest */;
			productType = "com.apple.product-type.bundle.unit-test";
		};
		7D82715222140D080071574D /* ShoppingUITests */ = {
			isa = PBXNativeTarget;
			buildConfigurationList = 7D82716222140D080071574D /* Build configuration list for PBXNativeTarget "ShoppingUITests" */;
			buildPhases = (
				7D82714F22140D080071574D /* Sources */,
				7D82715022140D080071574D /* Frameworks */,
				7D82715122140D080071574D /* Resources */,
			);
			buildRules = (
			);
			dependencies = (
				7D82715522140D080071574D /* PBXTargetDependency */,
			);
			name = ShoppingUITests;
			productName = ShoppingUITests;
			productReference = 7D82715322140D080071574D /* ShoppingUITests.xctest */;
			productType = "com.apple.product-type.bundle.ui-testing";
		};
/* End PBXNativeTarget section */

/* Begin PBXProject section */
		7D82712C22140D060071574D /* Project object */ = {
			isa = PBXProject;
			attributes = {
				LastSwiftUpdateCheck = 1010;
				LastUpgradeCheck = 1010;
				ORGANIZATIONNAME = Shelan;
				TargetAttributes = {
					7D82713322140D060071574D = {
						CreatedOnToolsVersion = 10.1;
					};
					7D82714722140D080071574D = {
						CreatedOnToolsVersion = 10.1;
						TestTargetID = 7D82713322140D060071574D;
					};
					7D82715222140D080071574D = {
						CreatedOnToolsVersion = 10.1;
						TestTargetID = 7D82713322140D060071574D;
					};
				};
			};
			buildConfigurationList = 7D82712F22140D060071574D /* Build configuration list for PBXProject "Shopping" */;
			compatibilityVersion = "Xcode 9.3";
			developmentRegion = en;
			hasScannedForEncodings = 0;
			knownRegions = (
				en,
				Base,
			);
			mainGroup = 7D82712B22140D060071574D;
			productRefGroup = 7D82713522140D060071574D /* Products */;
			projectDirPath = "";
			projectRoot = "";
			targets = (
				7D82713322140D060071574D /* Shopping */,
				7D82714722140D080071574D /* ShoppingTests */,
				7D82715222140D080071574D /* ShoppingUITests */,
			);
		};
/* End PBXProject section */

/* Begin PBXResourcesBuildPhase section */
		7D82713222140D060071574D /* Resources */ = {
			isa = PBXResourcesBuildPhase;
			buildActionMask = 2147483647;
			files = (
				7D82714222140D070071574D /* LaunchScreen.storyboard in Resources */,
				7D82713F22140D070071574D /* Assets.xcassets in Resources */,
				7D82713D22140D060071574D /* Main.storyboard in Resources */,
			);
			runOnlyForDeploymentPostprocessing = 0;
		};
		7D82714622140D080071574D /* Resources */ = {
			isa = PBXResourcesBuildPhase;
			buildActionMask = 2147483647;
			files = (
			);
			runOnlyForDeploymentPostprocessing = 0;
		};
		7D82715122140D080071574D /* Resources */ = {
			isa = PBXResourcesBuildPhase;
			buildActionMask = 2147483647;
			files = (
			);
			runOnlyForDeploymentPostprocessing = 0;
		};
/* End PBXResourcesBuildPhase section */

/* Begin PBXSourcesBuildPhase section */
		7D82713022140D060071574D /* Sources */ = {
			isa = PBXSourcesBuildPhase;
			buildActionMask = 2147483647;
			files = (
				7D82713A22140D060071574D /* ViewController.swift in Sources */,
				7D82713822140D060071574D /* AppDelegate.swift in Sources */,
			);
			runOnlyForDeploymentPostprocessing = 0;
		};
		7D82714422140D080071574D /* Sources */ = {
			isa = PBXSourcesBuildPhase;
			buildActionMask = 2147483647;
			files = (
				7D82714D22140D080071574D /* ShoppingTests.swift in Sources */,
			);
			runOnlyForDeploymentPostprocessing = 0;
		};
		7D82714F22140D080071574D /* Sources */ = {
			isa = PBXSourcesBuildPhase;
			buildActionMask = 2147483647;
			files = (
				7D82715822140D080071574D /* ShoppingUITests.swift in Sources */,
			);
			runOnlyForDeploymentPostprocessing = 0;
		};
/* End PBXSourcesBuildPhase section */

/* Begin PBXTargetDependency section */
		7D82714A22140D080071574D /* PBXTargetDependency */ = {
			isa = PBXTargetDependency;
			target = 7D82713322140D060071574D /* Shopping */;
			targetProxy = 7D82714922140D080071574D /* PBXContainerItemProxy */;
		};
		7D82715522140D080071574D /* PBXTargetDependency */ = {
			isa = PBXTargetDependency;
			target = 7D82713322140D060071574D /* Shopping */;
			targetProxy = 7D82715422140D080071574D /* PBXContainerItemProxy */;
		};
/* End PBXTargetDependency section */

/* Begin PBXVariantGroup section */
		7D82713B22140D060071574D /* Main.storyboard */ = {
			isa = PBXVariantGroup;
			children = (
				7D82713C22140D060071574D /* Base */,
			);
			name = Main.storyboard;
			sourceTree = "<group>";
		};
		7D82714022140D070071574D /* LaunchScreen.storyboard */ = {
			isa = PBXVariantGroup;
			children = (
				7D82714122140D070071574D /* Base */,
			);
			name = LaunchScreen.storyboard;
			sourceTree = "<group>";
		};
/* End PBXVariantGroup section */

/* Begin XCBuildConfiguration section */
		7D82715A22140D080071574D /* Debug */ = {
			isa = XCBuildConfiguration;
			buildSettings = {
				ALWAYS_SEARCH_USER_PATHS = NO;
				CLANG_ANALYZER_NONNULL = YES;
				CLANG_ANALYZER_NUMBER_OBJECT_CONVERSION = YES_AGGRESSIVE;
				CLANG_CXX_LANGUAGE_STANDARD = "gnu++14";
				CLANG_CXX_LIBRARY = "libc++";
				CLANG_ENABLE_MODULES = YES;
				CLANG_ENABLE_OBJC_ARC = YES;
				CLANG_ENABLE_OBJC_WEAK = YES;
				CLANG_WARN_BLOCK_CAPTURE_AUTORELEASING = YES;
				CLANG_WARN_BOOL_CONVERSION = YES;
				CLANG_WARN_COMMA = YES;
				CLANG_WARN_CONSTANT_CONVERSION = YES;
				CLANG_WARN_DEPRECATED_OBJC_IMPLEMENTATIONS = YES;
				CLANG_WARN_DIRECT_OBJC_ISA_USAGE = YES_ERROR;
				CLANG_WARN_DOCUMENTATION_COMMENTS = YES;
				CLANG_WARN_EMPTY_BODY = YES;
				CLANG_WARN_ENUM_CONVERSION = YES;
				CLANG_WARN_INFINITE_RECURSION = YES;
				CLANG_WARN_INT_CONVERSION = YES;
				CLANG_WARN_NON_LITERAL_NULL_CONVERSION = YES;
				CLANG_WARN_OBJC_IMPLICIT_RETAIN_SELF = YES;
				CLANG_WARN_OBJC_LITERAL_CONVERSION = YES;
				CLANG_WARN_OBJC_ROOT_CLASS = YES_ERROR;
				CLANG_WARN_RANGE_LOOP_ANALYSIS = YES;
				CLANG_WARN_STRICT_PROTOTYPES = YES;
				CLANG_WARN_SUSPICIOUS_MOVE = YES;
				CLANG_WARN_UNGUARDED_AVAILABILITY = YES_AGGRESSIVE;
				CLANG_WARN_UNREACHABLE_CODE = YES;
				CLANG_WARN__DUPLICATE_METHOD_MATCH = YES;
				CODE_SIGN_IDENTITY = "iPhone Developer";
				COPY_PHASE_STRIP = NO;
				DEBUG_INFORMATION_FORMAT = dwarf;
				ENABLE_STRICT_OBJC_MSGSEND = YES;
				ENABLE_TESTABILITY = YES;
				GCC_C_LANGUAGE_STANDARD = gnu11;
				GCC_DYNAMIC_NO_PIC = NO;
				GCC_NO_COMMON_BLOCKS = YES;
				GCC_OPTIMIZATION_LEVEL = 0;
				GCC_PREPROCESSOR_DEFINITIONS = (
					"DEBUG=1",
					"$(inherited)",
				);
				GCC_WARN_64_TO_32_BIT_CONVERSION = YES;
				GCC_WARN_ABOUT_RETURN_TYPE = YES_ERROR;
				GCC_WARN_UNDECLARED_SELECTOR = YES;
				GCC_WARN_UNINITIALIZED_AUTOS = YES_AGGRESSIVE;
				GCC_WARN_UNUSED_FUNCTION = YES;
				GCC_WARN_UNUSED_VARIABLE = YES;
				IPHONEOS_DEPLOYMENT_TARGET = 12.1;
				MTL_ENABLE_DEBUG_INFO = INCLUDE_SOURCE;
				MTL_FAST_MATH = YES;
				ONLY_ACTIVE_ARCH = YES;
				SDKROOT = iphoneos;
				SWIFT_ACTIVE_COMPILATION_CONDITIONS = DEBUG;
				SWIFT_OPTIMIZATION_LEVEL = "-Onone";
			};
			name = Debug;
		};
		7D82715B22140D080071574D /* Release */ = {
			isa = XCBuildConfiguration;
			buildSettings = {
				ALWAYS_SEARCH_USER_PATHS = NO;
				CLANG_ANALYZER_NONNULL = YES;
				CLANG_ANALYZER_NUMBER_OBJECT_CONVERSION = YES_AGGRESSIVE;
				CLANG_CXX_LANGUAGE_STANDARD = "gnu++14";
				CLANG_CXX_LIBRARY = "libc++";
				CLANG_ENABLE_MODULES = YES;
				CLANG_ENABLE_OBJC_ARC = YES;
				CLANG_ENABLE_OBJC_WEAK = YES;
				CLANG_WARN_BLOCK_CAPTURE_AUTORELEASING = YES;
				CLANG_WARN_BOOL_CONVERSION = YES;
				CLANG_WARN_COMMA = YES;
				CLANG_WARN_CONSTANT_CONVERSION = YES;
				CLANG_WARN_DEPRECATED_OBJC_IMPLEMENTATIONS = YES;
				CLANG_WARN_DIRECT_OBJC_ISA_USAGE = YES_ERROR;
				CLANG_WARN_DOCUMENTATION_COMMENTS = YES;
				CLANG_WARN_EMPTY_BODY = YES;
				CLANG_WARN_ENUM_CONVERSION = YES;
				CLANG_WARN_INFINITE_RECURSION = YES;
				CLANG_WARN_INT_CONVERSION = YES;
				CLANG_WARN_NON_LITERAL_NULL_CONVERSION = YES;
				CLANG_WARN_OBJC_IMPLICIT_RETAIN_SELF = YES;
				CLANG_WARN_OBJC_LITERAL_CONVERSION = YES;
				CLANG_WARN_OBJC_ROOT_CLASS = YES_ERROR;
				CLANG_WARN_RANGE_LOOP_ANALYSIS = YES;
				CLANG_WARN_STRICT_PROTOTYPES = YES;
				CLANG_WARN_SUSPICIOUS_MOVE = YES;
				CLANG_WARN_UNGUARDED_AVAILABILITY = YES_AGGRESSIVE;
				CLANG_WARN_UNREACHABLE_CODE = YES;
				CLANG_WARN__DUPLICATE_METHOD_MATCH = YES;
				CODE_SIGN_IDENTITY = "iPhone Developer";
				COPY_PHASE_STRIP = NO;
				DEBUG_INFORMATION_FORMAT = "dwarf-with-dsym";
				ENABLE_NS_ASSERTIONS = NO;
				ENABLE_STRICT_OBJC_MSGSEND = YES;
				GCC_C_LANGUAGE_STANDARD = gnu11;
				GCC_NO_COMMON_BLOCKS = YES;
				GCC_WARN_64_TO_32_BIT_CONVERSION = YES;
				GCC_WARN_ABOUT_RETURN_TYPE = YES_ERROR;
				GCC_WARN_UNDECLARED_SELECTOR = YES;
				GCC_WARN_UNINITIALIZED_AUTOS = YES_AGGRESSIVE;
				GCC_WARN_UNUSED_FUNCTION = YES;
				GCC_WARN_UNUSED_VARIABLE = YES;
				IPHONEOS_DEPLOYMENT_TARGET = 12.1;
				MTL_ENABLE_DEBUG_INFO = NO;
				MTL_FAST_MATH = YES;
				SDKROOT = iphoneos;
				SWIFT_COMPILATION_MODE = wholemodule;
				SWIFT_OPTIMIZATION_LEVEL = "-O";
				VALIDATE_PRODUCT = YES;
			};
			name = Release;
		};
		7D82715D22140D080071574D /* Debug */ = {
			isa = XCBuildConfiguration;
			buildSettings = {
				ASSETCATALOG_COMPILER_APPICON_NAME = AppIcon;
				CODE_SIGN_STYLE = Automatic;
				INFOPLIST_FILE = Shopping/Info.plist;
				LD_RUNPATH_SEARCH_PATHS = (
					"$(inherited)",
					"@executable_path/Frameworks",
				);
				PRODUCT_BUNDLE_IDENTIFIER = com.shelan.Shopping;
				PRODUCT_NAME = "$(TARGET_NAME)";
				SWIFT_VERSION = 4.2;
				TARGETED_DEVICE_FAMILY = "1,2";
			};
			name = Debug;
		};
		7D82715E22140D080071574D /* Release */ = {
			isa = XCBuildConfiguration;
			buildSettings = {
				ASSETCATALOG_COMPILER_APPICON_NAME = AppIcon;
				CODE_SIGN_STYLE = Automatic;
				INFOPLIST_FILE = Shopping/Info.plist;
				LD_RUNPATH_SEARCH_PATHS = (
					"$(inherited)",
					"@executable_path/Frameworks",
				);
				PRODUCT_BUNDLE_IDENTIFIER = com.shelan.Shopping;
				PRODUCT_NAME = "$(TARGET_NAME)";
				SWIFT_VERSION = 4.2;
				TARGETED_DEVICE_FAMILY = "1,2";
			};
			name = Release;
		};
		7D82716022140D080071574D /* Debug */ = {
			isa = XCBuildConfiguration;
			buildSettings = {
				ALWAYS_EMBED_SWIFT_STANDARD_LIBRARIES = YES;
				BUNDLE_LOADER = "$(TEST_HOST)";
				CODE_SIGN_STYLE = Automatic;
				INFOPLIST_FILE = ShoppingTests/Info.plist;
				LD_RUNPATH_SEARCH_PATHS = (
					"$(inherited)",
					"@executable_path/Frameworks",
					"@loader_path/Frameworks",
				);
				PRODUCT_BUNDLE_IDENTIFIER = com.shelan.ShoppingTests;
				PRODUCT_NAME = "$(TARGET_NAME)";
				SWIFT_VERSION = 4.2;
				TARGETED_DEVICE_FAMILY = "1,2";
				TEST_HOST = "$(BUILT_PRODUCTS_DIR)/Shopping.app/Shopping";
			};
			name = Debug;
		};
		7D82716122140D080071574D /* Release */ = {
			isa = XCBuildConfiguration;
			buildSettings = {
				ALWAYS_EMBED_SWIFT_STANDARD_LIBRARIES = YES;
				BUNDLE_LOADER = "$(TEST_HOST)";
				CODE_SIGN_STYLE = Automatic;
				INFOPLIST_FILE = ShoppingTests/Info.plist;
				LD_RUNPATH_SEARCH_PATHS = (
					"$(inherited)",
					"@executable_path/Frameworks",
					"@loader_path/Frameworks",
				);
				PRODUCT_BUNDLE_IDENTIFIER = com.shelan.ShoppingTests;
				PRODUCT_NAME = "$(TARGET_NAME)";
				SWIFT_VERSION = 4.2;
				TARGETED_DEVICE_FAMILY = "1,2";
				TEST_HOST = "$(BUILT_PRODUCTS_DIR)/Shopping.app/Shopping";
			};
			name = Release;
		};
		7D82716322140D080071574D /* Debug */ = {
			isa = XCBuildConfiguration;
			buildSettings = {
				ALWAYS_EMBED_SWIFT_STANDARD_LIBRARIES = YES;
				CODE_SIGN_STYLE = Automatic;
				INFOPLIST_FILE = ShoppingUITests/Info.plist;
				LD_RUNPATH_SEARCH_PATHS = (
					"$(inherited)",
					"@executable_path/Frameworks",
					"@loader_path/Frameworks",
				);
				PRODUCT_BUNDLE_IDENTIFIER = com.shelan.ShoppingUITests;
				PRODUCT_NAME = "$(TARGET_NAME)";
				SWIFT_VERSION = 4.2;
				TARGETED_DEVICE_FAMILY = "1,2";
				TEST_TARGET_NAME = Shopping;
			};
			name = Debug;
		};
		7D82716422140D080071574D /* Release */ = {
			isa = XCBuildConfiguration;
			buildSettings = {
				ALWAYS_EMBED_SWIFT_STANDARD_LIBRARIES = YES;
				CODE_SIGN_STYLE = Automatic;
				INFOPLIST_FILE = ShoppingUITests/Info.plist;
				LD_RUNPATH_SEARCH_PATHS = (
					"$(inherited)",
					"@executable_path/Frameworks",
					"@loader_path/Frameworks",
				);
				PRODUCT_BUNDLE_IDENTIFIER = com.shelan.ShoppingUITests;
				PRODUCT_NAME = "$(TARGET_NAME)";
				SWIFT_VERSION = 4.2;
				TARGETED_DEVICE_FAMILY = "1,2";
				TEST_TARGET_NAME = Shopping;
			};
			name = Release;
		};
/* End XCBuildConfiguration section */

/* Begin XCConfigurationList section */
		7D82712F22140D060071574D /* Build configuration list for PBXProject "Shopping" */ = {
			isa = XCConfigurationList;
			buildConfigurations = (
				7D82715A22140D080071574D /* Debug */,
				7D82715B22140D080071574D /* Release */,
			);
			defaultConfigurationIsVisible = 0;
			defaultConfigurationName = Release;
		};
		7D82715C22140D080071574D /* Build configuration list for PBXNativeTarget "Shopping" */ = {
			isa = XCConfigurationList;
			buildConfigurations = (
				7D82715D22140D080071574D /* Debug */,
				7D82715E22140D080071574D /* Release */,
			);
			defaultConfigurationIsVisible = 0;
			defaultConfigurationName = Release;
		};
		7D82715F22140D080071574D /* Build configuration list for PBXNativeTarget "ShoppingTests" */ = {
			isa = XCConfigurationList;
			buildConfigurations = (
				7D82716022140D080071574D /* Debug */,
				7D82716122140D080071574D /* Release */,
			);
			defaultConfigurationIsVisible = 0;
			defaultConfigurationName = Release;
		};
		7D82716222140D080071574D /* Build configuration list for PBXNativeTarget "ShoppingUITests" */ = {
			isa = XCConfigurationList;
			buildConfigurations = (
				7D82716322140D080071574D /* Debug */,
				7D82716422140D080071574D /* Release */,
			);
			defaultConfigurationIsVisible = 0;
			defaultConfigurationName = Release;
		};
/* End XCConfigurationList section */
	};
	rootObject = 7D82712C22140D060071574D /* Project object */;
}
